<?xml version="1.0" encoding="UTF-8" standalone="yes" ?>
<CodeBlocks_project_file>
	<FileVersion major="1" minor="6" />
	<Project>
		<Option title="loader" />
		<Option pch_mode="2" />
		<Option compiler="gcc" />
		<Build>
			<Target title="Debug">
				<Option output="bin/Debug/loader" prefix_auto="1" extension_auto="1" />
				<Option object_output="obj/Debug/" />
				<Option type="1" />
				<Option compiler="gcc" />
				<Compiler>
					<Add option="-g" />
					<Add directory="../../../libs" />
					<Add directory="../../../../libindi-align" />
					<Add directory="../../../../../../../usr/include/libnova" />
				</Compiler>
				<Linker>
					<Add library="../../../libindiclient.a" />
					<Add library="../../../libindi.so" />
					<Add library="pthread" />
					<Add library="../../../../../../../usr/lib/i386-linux-gnu/libz.so" />
					<Add library="../../../libindidriver.so" />
				</Linker>
			</Target>
			<Target title="Release">
				<Option output="bin/Release/loader" prefix_auto="1" extension_auto="1" />
				<Option object_output="obj/Release/" />
				<Option type="1" />
				<Option compiler="gcc" />
				<Compiler>
					<Add option="-O2" />
				</Compiler>
				<Linker>
					<Add option="-s" />
				</Linker>
			</Target>
		</Build>
		<Compiler>
			<Add option="-Wall" />
			<Add option="-fexceptions" />
		</Compiler>
		<Unit filename="LoaderClient.cpp" />
		<Unit filename="LoaderClient.h" />
		<Unit filename="LoaderMain.cpp" />
		<Extensions>
			<code_completion>
				<search_path add="../../../libs" />
			</code_completion>
			<debugger />
		</Extensions>
	</Project>
</CodeBlocks_project_file>
